# This file is automatically @generated by Cargo.
# It is not intended for manual editing.
version = 3

[[package]]
name = "anyhow"
version = "1.0.53"
source = "registry+https://github.com/rust-lang/crates.io-index"
checksum = "94a45b455c14666b85fc40a019e8ab9eb75e3a124e05494f5397122bc9eb06e0"

[[package]]
name = "cli"
version = "0.1.0"

[[package]]
name = "vm"
version = "0.1.0"
dependencies = [
 "anyhow",
 "wasmparser",
]

[[package]]
name = "wasmparser"
version = "0.82.0"
source = "registry+https://github.com/rust-lang/crates.io-index"
checksum = "0559cc0f1779240d6f894933498877ea94f693d84f3ee39c9a9932c6c312bd70"
